
Microsoft Visual Studio Solution File, Format Version 12.00
# Visual Studio Version 16
VisualStudioVersion = 16.0.29709.97
MinimumVisualStudioVersion = 10.0.40219.1
Project("{9A19103F-16F7-4668-BE54-9A1E7A4F7556}") = "ChuanGoing.Nlog2Kafka", "ChuanGoing.Nlog2Kafka\ChuanGoing.Nlog2Kafka.csproj", "{318E4D4E-28F6-4721-912E-2B2371CAAAD9}"
EndProject
Project("{9A19103F-16F7-4668-BE54-9A1E7A4F7556}") = "ConsoleTest", "Test\ConsoleTest\ConsoleTest.csproj", "{848C02AF-00FC-49D5-9A44-1DDCAD0D5FE2}"
EndProject
Project("{2150E333-8FDC-42A3-9474-1A3956D46DE8}") = "Solution Items", "Solution Items", "{5F5370E4-AC13-4134-AAA8-FEB9065A635D}"
	ProjectSection(SolutionItems) = preProject
		README.md = README.md
	EndProjectSection
EndProject
Global
	GlobalSection(SolutionConfigurationPlatforms) = preSolution
		Debug|Any CPU = Debug|Any CPU
		Release|Any CPU = Release|Any CPU
	EndGlobalSection
	GlobalSection(ProjectConfigurationPlatforms) = postSolution
		{318E4D4E-28F6-4721-912E-2B2371CAAAD9}.Debug|Any CPU.ActiveCfg = Debug|Any CPU
		{318E4D4E-28F6-4721-912E-2B2371CAAAD9}.Debug|Any CPU.Build.0 = Debug|Any CPU
		{318E4D4E-28F6-4721-912E-2B2371CAAAD9}.Release|Any CPU.ActiveCfg = Release|Any CPU
		{318E4D4E-28F6-4721-912E-2B2371CAAAD9}.Release|Any CPU.Build.0 = Release|Any CPU
		{848C02AF-00FC-49D5-9A44-1DDCAD0D5FE2}.Debug|Any CPU.ActiveCfg = Debug|Any CPU
		{848C02AF-00FC-49D5-9A44-1DDCAD0D5FE2}.Debug|Any CPU.Build.0 = Debug|Any CPU
		{848C02AF-00FC-49D5-9A44-1DDCAD0D5FE2}.Release|Any CPU.ActiveCfg = Release|Any CPU
		{848C02AF-00FC-49D5-9A44-1DDCAD0D5FE2}.Release|Any CPU.Build.0 = Release|Any CPU
	EndGlobalSection
	GlobalSection(SolutionProperties) = preSolution
		HideSolutionNode = FALSE
	EndGlobalSection
	GlobalSection(ExtensibilityGlobals) = postSolution
		SolutionGuid = {F8979EAE-CAB3-4399-95CE-15AEDED1900D}
	EndGlobalSection
EndGlobal
